// !$*UTF8*$!
{
	archiveVersion = 1;
	classes = {
	};
	objectVersion = 50;
	objects = {

/* Begin PBXBuildFile section */
		BF4D59A7261B337B00EBFA53 /* RealTimeDataHandler.swift in Sources */ = {isa = PBXBuildFile; fileRef = BF4D59A6261B337B00EBFA53 /* RealTimeDataHandler.swift */; };
		BF4D59AF261B349900EBFA53 /* Queue.swift in Sources */ = {isa = PBXBuildFile; fileRef = BF4D59AE261B349900EBFA53 /* Queue.swift */; };
		BF605B8B2616B64600AF818C /* DummyData.swift in Sources */ = {isa = PBXBuildFile; fileRef = BF605B8A2616B64600AF818C /* DummyData.swift */; };
		BFCAB18D26117AEE00FB8CAA /* AppDelegate.swift in Sources */ = {isa = PBXBuildFile; fileRef = BFCAB18C26117AEE00FB8CAA /* AppDelegate.swift */; };
		BFCAB18F26117AEE00FB8CAA /* SceneDelegate.swift in Sources */ = {isa = PBXBuildFile; fileRef = BFCAB18E26117AEE00FB8CAA /* SceneDelegate.swift */; };
		BFCAB19126117AEE00FB8CAA /* ViewController.swift in Sources */ = {isa = PBXBuildFile; fileRef = BFCAB19026117AEE00FB8CAA /* ViewController.swift */; };
		BFCAB19426117AEE00FB8CAA /* Main.storyboard in Resources */ = {isa = PBXBuildFile; fileRef = BFCAB19226117AEE00FB8CAA /* Main.storyboard */; };
		BFCAB19626117AEE00FB8CAA /* Assets.xcassets in Resources */ = {isa = PBXBuildFile; fileRef = BFCAB19526117AEE00FB8CAA /* Assets.xcassets */; };
		BFCAB19926117AEE00FB8CAA /* LaunchScreen.storyboard in Resources */ = {isa = PBXBuildFile; fileRef = BFCAB19726117AEE00FB8CAA /* LaunchScreen.storyboard */; };
		BFCAB1A426117AEF00FB8CAA /* iOSInfoChartTests.swift in Sources */ = {isa = PBXBuildFile; fileRef = BFCAB1A326117AEF00FB8CAA /* iOSInfoChartTests.swift */; };
		BFCAB1AF26117AEF00FB8CAA /* iOSInfoChartUITests.swift in Sources */ = {isa = PBXBuildFile; fileRef = BFCAB1AE26117AEF00FB8CAA /* iOSInfoChartUITests.swift */; };
		BFCAB1D5261197B900FB8CAA /* ViewPortHandler.swift in Sources */ = {isa = PBXBuildFile; fileRef = BFCAB1D4261197B900FB8CAA /* ViewPortHandler.swift */; };
		BFCAB1DD26119A4000FB8CAA /* Transformer.swift in Sources */ = {isa = PBXBuildFile; fileRef = BFCAB1DC26119A4000FB8CAA /* Transformer.swift */; };
		BFCAB1EB2611C15F00FB8CAA /* Spec.swift in Sources */ = {isa = PBXBuildFile; fileRef = BFCAB1EA2611C15F00FB8CAA /* Spec.swift */; };
		BFCAB1F82612C8FA00FB8CAA /* VitalChartDataProvider.swift in Sources */ = {isa = PBXBuildFile; fileRef = BFCAB1F72612C8FA00FB8CAA /* VitalChartDataProvider.swift */; };
		BFCAB1FD2612CC7800FB8CAA /* RealTimeVitalRenderer.swift in Sources */ = {isa = PBXBuildFile; fileRef = BFCAB1FC2612CC7800FB8CAA /* RealTimeVitalRenderer.swift */; };
		BFCAB2162613222600FB8CAA /* RealTimeVitalChartView.swift in Sources */ = {isa = PBXBuildFile; fileRef = BFCAB2152613222600FB8CAA /* RealTimeVitalChartView.swift */; };
/* End PBXBuildFile section */

/* Begin PBXContainerItemProxy section */
		BFCAB1A026117AEF00FB8CAA /* PBXContainerItemProxy */ = {
			isa = PBXContainerItemProxy;
			containerPortal = BFCAB18126117AEE00FB8CAA /* Project object */;
			proxyType = 1;
			remoteGlobalIDString = BFCAB18826117AEE00FB8CAA;
			remoteInfo = iOSInfoChart;
		};
		BFCAB1AB26117AEF00FB8CAA /* PBXContainerItemProxy */ = {
			isa = PBXContainerItemProxy;
			containerPortal = BFCAB18126117AEE00FB8CAA /* Project object */;
			proxyType = 1;
			remoteGlobalIDString = BFCAB18826117AEE00FB8CAA;
			remoteInfo = iOSInfoChart;
		};
/* End PBXContainerItemProxy section */

/* Begin PBXFileReference section */
		BF4D59A6261B337B00EBFA53 /* RealTimeDataHandler.swift */ = {isa = PBXFileReference; lastKnownFileType = sourcecode.swift; path = RealTimeDataHandler.swift; sourceTree = "<group>"; };
		BF4D59AE261B349900EBFA53 /* Queue.swift */ = {isa = PBXFileReference; lastKnownFileType = sourcecode.swift; path = Queue.swift; sourceTree = "<group>"; };
		BF605B8A2616B64600AF818C /* DummyData.swift */ = {isa = PBXFileReference; lastKnownFileType = sourcecode.swift; path = DummyData.swift; sourceTree = "<group>"; };
		BFCAB18926117AEE00FB8CAA /* iOSInfoChart.app */ = {isa = PBXFileReference; explicitFileType = wrapper.application; includeInIndex = 0; path = iOSInfoChart.app; sourceTree = BUILT_PRODUCTS_DIR; };
		BFCAB18C26117AEE00FB8CAA /* AppDelegate.swift */ = {isa = PBXFileReference; lastKnownFileType = sourcecode.swift; path = AppDelegate.swift; sourceTree = "<group>"; };
		BFCAB18E26117AEE00FB8CAA /* SceneDelegate.swift */ = {isa = PBXFileReference; lastKnownFileType = sourcecode.swift; path = SceneDelegate.swift; sourceTree = "<group>"; };
		BFCAB19026117AEE00FB8CAA /* ViewController.swift */ = {isa = PBXFileReference; lastKnownFileType = sourcecode.swift; path = ViewController.swift; sourceTree = "<group>"; };
		BFCAB19326117AEE00FB8CAA /* Base */ = {isa = PBXFileReference; lastKnownFileType = file.storyboard; name = Base; path = Base.lproj/Main.storyboard; sourceTree = "<group>"; };
		BFCAB19526117AEE00FB8CAA /* Assets.xcassets */ = {isa = PBXFileReference; lastKnownFileType = folder.assetcatalog; path = Assets.xcassets; sourceTree = "<group>"; };
		BFCAB19826117AEE00FB8CAA /* Base */ = {isa = PBXFileReference; lastKnownFileType = file.storyboard; name = Base; path = Base.lproj/LaunchScreen.storyboard; sourceTree = "<group>"; };
		BFCAB19A26117AEE00FB8CAA /* Info.plist */ = {isa = PBXFileReference; lastKnownFileType = text.plist.xml; name = Info.plist; path = "Supporting Files/Info.plist"; sourceTree = SOURCE_ROOT; };
		BFCAB19F26117AEF00FB8CAA /* iOSInfoChartTests.xctest */ = {isa = PBXFileReference; explicitFileType = wrapper.cfbundle; includeInIndex = 0; path = iOSInfoChartTests.xctest; sourceTree = BUILT_PRODUCTS_DIR; };
		BFCAB1A326117AEF00FB8CAA /* iOSInfoChartTests.swift */ = {isa = PBXFileReference; lastKnownFileType = sourcecode.swift; path = iOSInfoChartTests.swift; sourceTree = "<group>"; };
		BFCAB1A526117AEF00FB8CAA /* Info.plist */ = {isa = PBXFileReference; lastKnownFileType = text.plist.xml; path = Info.plist; sourceTree = "<group>"; };
		BFCAB1AA26117AEF00FB8CAA /* iOSInfoChartUITests.xctest */ = {isa = PBXFileReference; explicitFileType = wrapper.cfbundle; includeInIndex = 0; path = iOSInfoChartUITests.xctest; sourceTree = BUILT_PRODUCTS_DIR; };
		BFCAB1AE26117AEF00FB8CAA /* iOSInfoChartUITests.swift */ = {isa = PBXFileReference; lastKnownFileType = sourcecode.swift; path = iOSInfoChartUITests.swift; sourceTree = "<group>"; };
		BFCAB1B026117AEF00FB8CAA /* Info.plist */ = {isa = PBXFileReference; lastKnownFileType = text.plist.xml; path = Info.plist; sourceTree = "<group>"; };
		BFCAB1D4261197B900FB8CAA /* ViewPortHandler.swift */ = {isa = PBXFileReference; lastKnownFileType = sourcecode.swift; path = ViewPortHandler.swift; sourceTree = "<group>"; };
		BFCAB1DC26119A4000FB8CAA /* Transformer.swift */ = {isa = PBXFileReference; lastKnownFileType = sourcecode.swift; path = Transformer.swift; sourceTree = "<group>"; };
		BFCAB1EA2611C15F00FB8CAA /* Spec.swift */ = {isa = PBXFileReference; lastKnownFileType = sourcecode.swift; path = Spec.swift; sourceTree = "<group>"; };
		BFCAB1F72612C8FA00FB8CAA /* VitalChartDataProvider.swift */ = {isa = PBXFileReference; lastKnownFileType = sourcecode.swift; path = VitalChartDataProvider.swift; sourceTree = "<group>"; };
		BFCAB1FC2612CC7800FB8CAA /* RealTimeVitalRenderer.swift */ = {isa = PBXFileReference; lastKnownFileType = sourcecode.swift; path = RealTimeVitalRenderer.swift; sourceTree = "<group>"; };
		BFCAB2152613222600FB8CAA /* RealTimeVitalChartView.swift */ = {isa = PBXFileReference; lastKnownFileType = sourcecode.swift; path = RealTimeVitalChartView.swift; sourceTree = "<group>"; };
/* End PBXFileReference section */

/* Begin PBXFrameworksBuildPhase section */
		BFCAB18626117AEE00FB8CAA /* Frameworks */ = {
			isa = PBXFrameworksBuildPhase;
			buildActionMask = 2147483647;
			files = (
			);
			runOnlyForDeploymentPostprocessing = 0;
		};
		BFCAB19C26117AEF00FB8CAA /* Frameworks */ = {
			isa = PBXFrameworksBuildPhase;
			buildActionMask = 2147483647;
			files = (
			);
			runOnlyForDeploymentPostprocessing = 0;
		};
		BFCAB1A726117AEF00FB8CAA /* Frameworks */ = {
			isa = PBXFrameworksBuildPhase;
			buildActionMask = 2147483647;
			files = (
			);
			runOnlyForDeploymentPostprocessing = 0;
		};
/* End PBXFrameworksBuildPhase section */

/* Begin PBXGroup section */
		BF4D59A5261B32F800EBFA53 /* Handler */ = {
			isa = PBXGroup;
			children = (
				BF4D59A6261B337B00EBFA53 /* RealTimeDataHandler.swift */,
			);
			path = Handler;
			sourceTree = "<group>";
		};
		BF605B8F2616BE2E00AF818C /* DummyData */ = {
			isa = PBXGroup;
			children = (
				BF605B8A2616B64600AF818C /* DummyData.swift */,
			);
			path = DummyData;
			sourceTree = "<group>";
		};
		BFCAB18026117AEE00FB8CAA = {
			isa = PBXGroup;
			children = (
				BFCAB18B26117AEE00FB8CAA /* iOSInfoChart */,
				BFCAB1C326117E7F00FB8CAA /* Resources */,
				BFCAB1C426117ECE00FB8CAA /* Supporting Files */,
				BFCAB18A26117AEE00FB8CAA /* Products */,
				BFCAB1A226117AEF00FB8CAA /* iOSInfoChartTests */,
				BFCAB1AD26117AEF00FB8CAA /* iOSInfoChartUITests */,
			);
			sourceTree = "<group>";
		};
		BFCAB18A26117AEE00FB8CAA /* Products */ = {
			isa = PBXGroup;
			children = (
				BFCAB18926117AEE00FB8CAA /* iOSInfoChart.app */,
				BFCAB19F26117AEF00FB8CAA /* iOSInfoChartTests.xctest */,
				BFCAB1AA26117AEF00FB8CAA /* iOSInfoChartUITests.xctest */,
			);
			name = Products;
			sourceTree = "<group>";
		};
		BFCAB18B26117AEE00FB8CAA /* iOSInfoChart */ = {
			isa = PBXGroup;
			children = (
				BFCAB18C26117AEE00FB8CAA /* AppDelegate.swift */,
				BFCAB18E26117AEE00FB8CAA /* SceneDelegate.swift */,
				BFCAB1C526117EEE00FB8CAA /* DemoController */,
				BFCAB1CC26117F8600FB8CAA /* Sources */,
			);
			path = iOSInfoChart;
			sourceTree = "<group>";
		};
		BFCAB1A226117AEF00FB8CAA /* iOSInfoChartTests */ = {
			isa = PBXGroup;
			children = (
				BFCAB1A326117AEF00FB8CAA /* iOSInfoChartTests.swift */,
				BFCAB1A526117AEF00FB8CAA /* Info.plist */,
			);
			path = iOSInfoChartTests;
			sourceTree = "<group>";
		};
		BFCAB1AD26117AEF00FB8CAA /* iOSInfoChartUITests */ = {
			isa = PBXGroup;
			children = (
				BFCAB1AE26117AEF00FB8CAA /* iOSInfoChartUITests.swift */,
				BFCAB1B026117AEF00FB8CAA /* Info.plist */,
			);
			path = iOSInfoChartUITests;
			sourceTree = "<group>";
		};
		BFCAB1C326117E7F00FB8CAA /* Resources */ = {
			isa = PBXGroup;
			children = (
				BFCAB19226117AEE00FB8CAA /* Main.storyboard */,
				BFCAB19526117AEE00FB8CAA /* Assets.xcassets */,
				BFCAB19726117AEE00FB8CAA /* LaunchScreen.storyboard */,
			);
			path = Resources;
			sourceTree = "<group>";
		};
		BFCAB1C426117ECE00FB8CAA /* Supporting Files */ = {
			isa = PBXGroup;
			children = (
				BFCAB19A26117AEE00FB8CAA /* Info.plist */,
			);
			path = "Supporting Files";
			sourceTree = "<group>";
		};
		BFCAB1C526117EEE00FB8CAA /* DemoController */ = {
			isa = PBXGroup;
			children = (
				BFCAB19026117AEE00FB8CAA /* ViewController.swift */,
			);
			path = DemoController;
			sourceTree = "<group>";
		};
		BFCAB1CC26117F8600FB8CAA /* Sources */ = {
			isa = PBXGroup;
			children = (
				BFCAB1CD26117FAF00FB8CAA /* Chart */,
				BFCAB1CE26117FC000FB8CAA /* Data */,
				BFCAB1CF26117FCA00FB8CAA /* DataProviders */,
				BF4D59A5261B32F800EBFA53 /* Handler */,
				BFCAB1D126117FED00FB8CAA /* Renderer */,
				BFCAB1D22611800500FB8CAA /* Thread */,
				BFCAB1D32611800E00FB8CAA /* Utils */,
				BF605B8F2616BE2E00AF818C /* DummyData */,
			);
			path = Sources;
			sourceTree = "<group>";
		};
		BFCAB1CD26117FAF00FB8CAA /* Chart */ = {
			isa = PBXGroup;
			children = (
				BFCAB2152613222600FB8CAA /* RealTimeVitalChartView.swift */,
			);
			path = Chart;
			sourceTree = "<group>";
		};
		BFCAB1CE26117FC000FB8CAA /* Data */ = {
			isa = PBXGroup;
			children = (
				BFCAB1EA2611C15F00FB8CAA /* Spec.swift */,
			);
			path = Data;
			sourceTree = "<group>";
		};
		BFCAB1CF26117FCA00FB8CAA /* DataProviders */ = {
			isa = PBXGroup;
			children = (
				BFCAB1F72612C8FA00FB8CAA /* VitalChartDataProvider.swift */,
			);
			path = DataProviders;
			sourceTree = "<group>";
		};
		BFCAB1D126117FED00FB8CAA /* Renderer */ = {
			isa = PBXGroup;
			children = (
				BFCAB1FC2612CC7800FB8CAA /* RealTimeVitalRenderer.swift */,
			);
			path = Renderer;
			sourceTree = "<group>";
		};
		BFCAB1D22611800500FB8CAA /* Thread */ = {
			isa = PBXGroup;
			children = (
			);
			path = Thread;
			sourceTree = "<group>";
		};
		BFCAB1D32611800E00FB8CAA /* Utils */ = {
			isa = PBXGroup;
			children = (
				BFCAB1D4261197B900FB8CAA /* ViewPortHandler.swift */,
				BFCAB1DC26119A4000FB8CAA /* Transformer.swift */,
				BF4D59AE261B349900EBFA53 /* Queue.swift */,
			);
			path = Utils;
			sourceTree = "<group>";
		};
/* End PBXGroup section */

/* Begin PBXNativeTarget section */
		BFCAB18826117AEE00FB8CAA /* iOSInfoChart */ = {
			isa = PBXNativeTarget;
			buildConfigurationList = BFCAB1B326117AEF00FB8CAA /* Build configuration list for PBXNativeTarget "iOSInfoChart" */;
			buildPhases = (
				BFCAB18526117AEE00FB8CAA /* Sources */,
				BFCAB18626117AEE00FB8CAA /* Frameworks */,
				BFCAB18726117AEE00FB8CAA /* Resources */,
			);
			buildRules = (
			);
			dependencies = (
			);
			name = iOSInfoChart;
			productName = iOSInfoChart;
			productReference = BFCAB18926117AEE00FB8CAA /* iOSInfoChart.app */;
			productType = "com.apple.product-type.application";
		};
		BFCAB19E26117AEF00FB8CAA /* iOSInfoChartTests */ = {
			isa = PBXNativeTarget;
			buildConfigurationList = BFCAB1B626117AEF00FB8CAA /* Build configuration list for PBXNativeTarget "iOSInfoChartTests" */;
			buildPhases = (
				BFCAB19B26117AEF00FB8CAA /* Sources */,
				BFCAB19C26117AEF00FB8CAA /* Frameworks */,
				BFCAB19D26117AEF00FB8CAA /* Resources */,
			);
			buildRules = (
			);
			dependencies = (
				BFCAB1A126117AEF00FB8CAA /* PBXTargetDependency */,
			);
			name = iOSInfoChartTests;
			productName = iOSInfoChartTests;
			productReference = BFCAB19F26117AEF00FB8CAA /* iOSInfoChartTests.xctest */;
			productType = "com.apple.product-type.bundle.unit-test";
		};
		BFCAB1A926117AEF00FB8CAA /* iOSInfoChartUITests */ = {
			isa = PBXNativeTarget;
			buildConfigurationList = BFCAB1B926117AEF00FB8CAA /* Build configuration list for PBXNativeTarget "iOSInfoChartUITests" */;
			buildPhases = (
				BFCAB1A626117AEF00FB8CAA /* Sources */,
				BFCAB1A726117AEF00FB8CAA /* Frameworks */,
				BFCAB1A826117AEF00FB8CAA /* Resources */,
			);
			buildRules = (
			);
			dependencies = (
				BFCAB1AC26117AEF00FB8CAA /* PBXTargetDependency */,
			);
			name = iOSInfoChartUITests;
			productName = iOSInfoChartUITests;
			productReference = BFCAB1AA26117AEF00FB8CAA /* iOSInfoChartUITests.xctest */;
			productType = "com.apple.product-type.bundle.ui-testing";
		};
/* End PBXNativeTarget section */

/* Begin PBXProject section */
		BFCAB18126117AEE00FB8CAA /* Project object */ = {
			isa = PBXProject;
			attributes = {
				LastSwiftUpdateCheck = 1240;
				LastUpgradeCheck = 1240;
				TargetAttributes = {
					BFCAB18826117AEE00FB8CAA = {
						CreatedOnToolsVersion = 12.4;
					};
					BFCAB19E26117AEF00FB8CAA = {
						CreatedOnToolsVersion = 12.4;
						TestTargetID = BFCAB18826117AEE00FB8CAA;
					};
					BFCAB1A926117AEF00FB8CAA = {
						CreatedOnToolsVersion = 12.4;
						TestTargetID = BFCAB18826117AEE00FB8CAA;
					};
				};
			};
			buildConfigurationList = BFCAB18426117AEE00FB8CAA /* Build configuration list for PBXProject "iOSInfoChart" */;
			compatibilityVersion = "Xcode 9.3";
			developmentRegion = en;
			hasScannedForEncodings = 0;
			knownRegions = (
				en,
				Base,
			);
			mainGroup = BFCAB18026117AEE00FB8CAA;
			productRefGroup = BFCAB18A26117AEE00FB8CAA /* Products */;
			projectDirPath = "";
			projectRoot = "";
			targets = (
				BFCAB18826117AEE00FB8CAA /* iOSInfoChart */,
				BFCAB19E26117AEF00FB8CAA /* iOSInfoChartTests */,
				BFCAB1A926117AEF00FB8CAA /* iOSInfoChartUITests */,
			);
		};
/* End PBXProject section */

/* Begin PBXResourcesBuildPhase section */
		BFCAB18726117AEE00FB8CAA /* Resources */ = {
			isa = PBXResourcesBuildPhase;
			buildActionMask = 2147483647;
			files = (
				BFCAB19926117AEE00FB8CAA /* LaunchScreen.storyboard in Resources */,
				BFCAB19626117AEE00FB8CAA /* Assets.xcassets in Resources */,
				BFCAB19426117AEE00FB8CAA /* Main.storyboard in Resources */,
			);
			runOnlyForDeploymentPostprocessing = 0;
		};
		BFCAB19D26117AEF00FB8CAA /* Resources */ = {
			isa = PBXResourcesBuildPhase;
			buildActionMask = 2147483647;
			files = (
			);
			runOnlyForDeploymentPostprocessing = 0;
		};
		BFCAB1A826117AEF00FB8CAA /* Resources */ = {
			isa = PBXResourcesBuildPhase;
			buildActionMask = 2147483647;
			files = (
			);
			runOnlyForDeploymentPostprocessing = 0;
		};
/* End PBXResourcesBuildPhase section */

/* Begin PBXSourcesBuildPhase section */
		BFCAB18526117AEE00FB8CAA /* Sources */ = {
			isa = PBXSourcesBuildPhase;
			buildActionMask = 2147483647;
			files = (
				BFCAB19126117AEE00FB8CAA /* ViewController.swift in Sources */,
				BFCAB18D26117AEE00FB8CAA /* AppDelegate.swift in Sources */,
				BFCAB1EB2611C15F00FB8CAA /* Spec.swift in Sources */,
				BF4D59A7261B337B00EBFA53 /* RealTimeDataHandler.swift in Sources */,
				BFCAB1FD2612CC7800FB8CAA /* RealTimeVitalRenderer.swift in Sources */,
				BFCAB1D5261197B900FB8CAA /* ViewPortHandler.swift in Sources */,
				BFCAB1DD26119A4000FB8CAA /* Transformer.swift in Sources */,
				BF4D59AF261B349900EBFA53 /* Queue.swift in Sources */,
				BFCAB1F82612C8FA00FB8CAA /* VitalChartDataProvider.swift in Sources */,
				BFCAB2162613222600FB8CAA /* RealTimeVitalChartView.swift in Sources */,
				BF605B8B2616B64600AF818C /* DummyData.swift in Sources */,
				BFCAB18F26117AEE00FB8CAA /* SceneDelegate.swift in Sources */,
			);
			runOnlyForDeploymentPostprocessing = 0;
		};
		BFCAB19B26117AEF00FB8CAA /* Sources */ = {
			isa = PBXSourcesBuildPhase;
			buildActionMask = 2147483647;
			files = (
				BFCAB1A426117AEF00FB8CAA /* iOSInfoChartTests.swift in Sources */,
			);
			runOnlyForDeploymentPostprocessing = 0;
		};
		BFCAB1A626117AEF00FB8CAA /* Sources */ = {
			isa = PBXSourcesBuildPhase;
			buildActionMask = 2147483647;
			files = (
				BFCAB1AF26117AEF00FB8CAA /* iOSInfoChartUITests.swift in Sources */,
			);
			runOnlyForDeploymentPostprocessing = 0;
		};
/* End PBXSourcesBuildPhase section */

/* Begin PBXTargetDependency section */
		BFCAB1A126117AEF00FB8CAA /* PBXTargetDependency */ = {
			isa = PBXTargetDependency;
			target = BFCAB18826117AEE00FB8CAA /* iOSInfoChart */;
			targetProxy = BFCAB1A026117AEF00FB8CAA /* PBXContainerItemProxy */;
		};
		BFCAB1AC26117AEF00FB8CAA /* PBXTargetDependency */ = {
			isa = PBXTargetDependency;
			target = BFCAB18826117AEE00FB8CAA /* iOSInfoChart */;
			targetProxy = BFCAB1AB26117AEF00FB8CAA /* PBXContainerItemProxy */;
		};
/* End PBXTargetDependency section */

/* Begin PBXVariantGroup section */
		BFCAB19226117AEE00FB8CAA /* Main.storyboard */ = {
			isa = PBXVariantGroup;
			children = (
				BFCAB19326117AEE00FB8CAA /* Base */,
			);
			name = Main.storyboard;
			sourceTree = "<group>";
		};
		BFCAB19726117AEE00FB8CAA /* LaunchScreen.storyboard */ = {
			isa = PBXVariantGroup;
			children = (
				BFCAB19826117AEE00FB8CAA /* Base */,
			);
			name = LaunchScreen.storyboard;
			sourceTree = "<group>";
		};
/* End PBXVariantGroup section */

/* Begin XCBuildConfiguration section */
		BFCAB1B126117AEF00FB8CAA /* Debug */ = {
			isa = XCBuildConfiguration;
			buildSettings = {
				ALWAYS_SEARCH_USER_PATHS = NO;
				CLANG_ANALYZER_NONNULL = YES;
				CLANG_ANALYZER_NUMBER_OBJECT_CONVERSION = YES_AGGRESSIVE;
				CLANG_CXX_LANGUAGE_STANDARD = "gnu++14";
				CLANG_CXX_LIBRARY = "libc++";
				CLANG_ENABLE_MODULES = YES;
				CLANG_ENABLE_OBJC_ARC = YES;
				CLANG_ENABLE_OBJC_WEAK = YES;
				CLANG_WARN_BLOCK_CAPTURE_AUTORELEASING = YES;
				CLANG_WARN_BOOL_CONVERSION = YES;
				CLANG_WARN_COMMA = YES;
				CLANG_WARN_CONSTANT_CONVERSION = YES;
				CLANG_WARN_DEPRECATED_OBJC_IMPLEMENTATIONS = YES;
				CLANG_WARN_DIRECT_OBJC_ISA_USAGE = YES_ERROR;
				CLANG_WARN_DOCUMENTATION_COMMENTS = YES;
				CLANG_WARN_EMPTY_BODY = YES;
				CLANG_WARN_ENUM_CONVERSION = YES;
				CLANG_WARN_INFINITE_RECURSION = YES;
				CLANG_WARN_INT_CONVERSION = YES;
				CLANG_WARN_NON_LITERAL_NULL_CONVERSION = YES;
				CLANG_WARN_OBJC_IMPLICIT_RETAIN_SELF = YES;
				CLANG_WARN_OBJC_LITERAL_CONVERSION = YES;
				CLANG_WARN_OBJC_ROOT_CLASS = YES_ERROR;
				CLANG_WARN_QUOTED_INCLUDE_IN_FRAMEWORK_HEADER = YES;
				CLANG_WARN_RANGE_LOOP_ANALYSIS = YES;
				CLANG_WARN_STRICT_PROTOTYPES = YES;
				CLANG_WARN_SUSPICIOUS_MOVE = YES;
				CLANG_WARN_UNGUARDED_AVAILABILITY = YES_AGGRESSIVE;
				CLANG_WARN_UNREACHABLE_CODE = YES;
				CLANG_WARN__DUPLICATE_METHOD_MATCH = YES;
				COPY_PHASE_STRIP = NO;
				DEBUG_INFORMATION_FORMAT = dwarf;
				ENABLE_STRICT_OBJC_MSGSEND = YES;
				ENABLE_TESTABILITY = YES;
				GCC_C_LANGUAGE_STANDARD = gnu11;
				GCC_DYNAMIC_NO_PIC = NO;
				GCC_NO_COMMON_BLOCKS = YES;
				GCC_OPTIMIZATION_LEVEL = 0;
				GCC_PREPROCESSOR_DEFINITIONS = (
					"DEBUG=1",
					"$(inherited)",
				);
				GCC_WARN_64_TO_32_BIT_CONVERSION = YES;
				GCC_WARN_ABOUT_RETURN_TYPE = YES_ERROR;
				GCC_WARN_UNDECLARED_SELECTOR = YES;
				GCC_WARN_UNINITIALIZED_AUTOS = YES_AGGRESSIVE;
				GCC_WARN_UNUSED_FUNCTION = YES;
				GCC_WARN_UNUSED_VARIABLE = YES;
				IPHONEOS_DEPLOYMENT_TARGET = 14.4;
				MTL_ENABLE_DEBUG_INFO = INCLUDE_SOURCE;
				MTL_FAST_MATH = YES;
				ONLY_ACTIVE_ARCH = YES;
				SDKROOT = iphoneos;
				SWIFT_ACTIVE_COMPILATION_CONDITIONS = DEBUG;
				SWIFT_OPTIMIZATION_LEVEL = "-Onone";
			};
			name = Debug;
		};
		BFCAB1B226117AEF00FB8CAA /* Release */ = {
			isa = XCBuildConfiguration;
			buildSettings = {
				ALWAYS_SEARCH_USER_PATHS = NO;
				CLANG_ANALYZER_NONNULL = YES;
				CLANG_ANALYZER_NUMBER_OBJECT_CONVERSION = YES_AGGRESSIVE;
				CLANG_CXX_LANGUAGE_STANDARD = "gnu++14";
				CLANG_CXX_LIBRARY = "libc++";
				CLANG_ENABLE_MODULES = YES;
				CLANG_ENABLE_OBJC_ARC = YES;
				CLANG_ENABLE_OBJC_WEAK = YES;
				CLANG_WARN_BLOCK_CAPTURE_AUTORELEASING = YES;
				CLANG_WARN_BOOL_CONVERSION = YES;
				CLANG_WARN_COMMA = YES;
				CLANG_WARN_CONSTANT_CONVERSION = YES;
				CLANG_WARN_DEPRECATED_OBJC_IMPLEMENTATIONS = YES;
				CLANG_WARN_DIRECT_OBJC_ISA_USAGE = YES_ERROR;
				CLANG_WARN_DOCUMENTATION_COMMENTS = YES;
				CLANG_WARN_EMPTY_BODY = YES;
				CLANG_WARN_ENUM_CONVERSION = YES;
				CLANG_WARN_INFINITE_RECURSION = YES;
				CLANG_WARN_INT_CONVERSION = YES;
				CLANG_WARN_NON_LITERAL_NULL_CONVERSION = YES;
				CLANG_WARN_OBJC_IMPLICIT_RETAIN_SELF = YES;
				CLANG_WARN_OBJC_LITERAL_CONVERSION = YES;
				CLANG_WARN_OBJC_ROOT_CLASS = YES_ERROR;
				CLANG_WARN_QUOTED_INCLUDE_IN_FRAMEWORK_HEADER = YES;
				CLANG_WARN_RANGE_LOOP_ANALYSIS = YES;
				CLANG_WARN_STRICT_PROTOTYPES = YES;
				CLANG_WARN_SUSPICIOUS_MOVE = YES;
				CLANG_WARN_UNGUARDED_AVAILABILITY = YES_AGGRESSIVE;
				CLANG_WARN_UNREACHABLE_CODE = YES;
				CLANG_WARN__DUPLICATE_METHOD_MATCH = YES;
				COPY_PHASE_STRIP = NO;
				DEBUG_INFORMATION_FORMAT = "dwarf-with-dsym";
				ENABLE_NS_ASSERTIONS = NO;
				ENABLE_STRICT_OBJC_MSGSEND = YES;
				GCC_C_LANGUAGE_STANDARD = gnu11;
				GCC_NO_COMMON_BLOCKS = YES;
				GCC_WARN_64_TO_32_BIT_CONVERSION = YES;
				GCC_WARN_ABOUT_RETURN_TYPE = YES_ERROR;
				GCC_WARN_UNDECLARED_SELECTOR = YES;
				GCC_WARN_UNINITIALIZED_AUTOS = YES_AGGRESSIVE;
				GCC_WARN_UNUSED_FUNCTION = YES;
				GCC_WARN_UNUSED_VARIABLE = YES;
				IPHONEOS_DEPLOYMENT_TARGET = 14.4;
				MTL_ENABLE_DEBUG_INFO = NO;
				MTL_FAST_MATH = YES;
				SDKROOT = iphoneos;
				SWIFT_COMPILATION_MODE = wholemodule;
				SWIFT_OPTIMIZATION_LEVEL = "-O";
				VALIDATE_PRODUCT = YES;
			};
			name = Release;
		};
		BFCAB1B426117AEF00FB8CAA /* Debug */ = {
			isa = XCBuildConfiguration;
			buildSettings = {
				ASSETCATALOG_COMPILER_APPICON_NAME = AppIcon;
				ASSETCATALOG_COMPILER_GLOBAL_ACCENT_COLOR_NAME = AccentColor;
				CODE_SIGN_STYLE = Automatic;
				DEVELOPMENT_TEAM = 3D7CT6JDMJ;
				INFOPLIST_FILE = "Supporting Files/Info.plist";
				IPHONEOS_DEPLOYMENT_TARGET = 13.0;
				LD_RUNPATH_SEARCH_PATHS = (
					"$(inherited)",
					"@executable_path/Frameworks",
				);
				PRODUCT_BUNDLE_IDENTIFIER = lucasHeo.iOSInfoChart;
				PRODUCT_NAME = "$(TARGET_NAME)";
				SWIFT_VERSION = 5.0;
				TARGETED_DEVICE_FAMILY = "1,2";
			};
			name = Debug;
		};
		BFCAB1B526117AEF00FB8CAA /* Release */ = {
			isa = XCBuildConfiguration;
			buildSettings = {
				ASSETCATALOG_COMPILER_APPICON_NAME = AppIcon;
				ASSETCATALOG_COMPILER_GLOBAL_ACCENT_COLOR_NAME = AccentColor;
				CODE_SIGN_STYLE = Automatic;
				DEVELOPMENT_TEAM = 3D7CT6JDMJ;
				INFOPLIST_FILE = "Supporting Files/Info.plist";
				IPHONEOS_DEPLOYMENT_TARGET = 13.0;
				LD_RUNPATH_SEARCH_PATHS = (
					"$(inherited)",
					"@executable_path/Frameworks",
				);
				PRODUCT_BUNDLE_IDENTIFIER = lucasHeo.iOSInfoChart;
				PRODUCT_NAME = "$(TARGET_NAME)";
				SWIFT_VERSION = 5.0;
				TARGETED_DEVICE_FAMILY = "1,2";
			};
			name = Release;
		};
		BFCAB1B726117AEF00FB8CAA /* Debug */ = {
			isa = XCBuildConfiguration;
			buildSettings = {
				ALWAYS_EMBED_SWIFT_STANDARD_LIBRARIES = YES;
				BUNDLE_LOADER = "$(TEST_HOST)";
				CODE_SIGN_STYLE = Automatic;
				DEVELOPMENT_TEAM = 3D7CT6JDMJ;
				INFOPLIST_FILE = iOSInfoChartTests/Info.plist;
				IPHONEOS_DEPLOYMENT_TARGET = 14.4;
				LD_RUNPATH_SEARCH_PATHS = (
					"$(inherited)",
					"@executable_path/Frameworks",
					"@loader_path/Frameworks",
				);
				PRODUCT_BUNDLE_IDENTIFIER = lucasHeo.iOSInfoChartTests;
				PRODUCT_NAME = "$(TARGET_NAME)";
				SWIFT_VERSION = 5.0;
				TARGETED_DEVICE_FAMILY = "1,2";
				TEST_HOST = "$(BUILT_PRODUCTS_DIR)/iOSInfoChart.app/iOSInfoChart";
			};
			name = Debug;
		};
		BFCAB1B826117AEF00FB8CAA /* Release */ = {
			isa = XCBuildConfiguration;
			buildSettings = {
				ALWAYS_EMBED_SWIFT_STANDARD_LIBRARIES = YES;
				BUNDLE_LOADER = "$(TEST_HOST)";
				CODE_SIGN_STYLE = Automatic;
				DEVELOPMENT_TEAM = 3D7CT6JDMJ;
				INFOPLIST_FILE = iOSInfoChartTests/Info.plist;
				IPHONEOS_DEPLOYMENT_TARGET = 14.4;
				LD_RUNPATH_SEARCH_PATHS = (
					"$(inherited)",
					"@executable_path/Frameworks",
					"@loader_path/Frameworks",
				);
				PRODUCT_BUNDLE_IDENTIFIER = lucasHeo.iOSInfoChartTests;
				PRODUCT_NAME = "$(TARGET_NAME)";
				SWIFT_VERSION = 5.0;
				TARGETED_DEVICE_FAMILY = "1,2";
				TEST_HOST = "$(BUILT_PRODUCTS_DIR)/iOSInfoChart.app/iOSInfoChart";
			};
			name = Release;
		};
		BFCAB1BA26117AEF00FB8CAA /* Debug */ = {
			isa = XCBuildConfiguration;
			buildSettings = {
				ALWAYS_EMBED_SWIFT_STANDARD_LIBRARIES = YES;
				CODE_SIGN_STYLE = Automatic;
				DEVELOPMENT_TEAM = 3D7CT6JDMJ;
				INFOPLIST_FILE = iOSInfoChartUITests/Info.plist;
				LD_RUNPATH_SEARCH_PATHS = (
					"$(inherited)",
					"@executable_path/Frameworks",
					"@loader_path/Frameworks",
				);
				PRODUCT_BUNDLE_IDENTIFIER = lucasHeo.iOSInfoChartUITests;
				PRODUCT_NAME = "$(TARGET_NAME)";
				SWIFT_VERSION = 5.0;
				TARGETED_DEVICE_FAMILY = "1,2";
				TEST_TARGET_NAME = iOSInfoChart;
			};
			name = Debug;
		};
		BFCAB1BB26117AEF00FB8CAA /* Release */ = {
			isa = XCBuildConfiguration;
			buildSettings = {
				ALWAYS_EMBED_SWIFT_STANDARD_LIBRARIES = YES;
				CODE_SIGN_STYLE = Automatic;
				DEVELOPMENT_TEAM = 3D7CT6JDMJ;
				INFOPLIST_FILE = iOSInfoChartUITests/Info.plist;
				LD_RUNPATH_SEARCH_PATHS = (
					"$(inherited)",
					"@executable_path/Frameworks",
					"@loader_path/Frameworks",
				);
				PRODUCT_BUNDLE_IDENTIFIER = lucasHeo.iOSInfoChartUITests;
				PRODUCT_NAME = "$(TARGET_NAME)";
				SWIFT_VERSION = 5.0;
				TARGETED_DEVICE_FAMILY = "1,2";
				TEST_TARGET_NAME = iOSInfoChart;
			};
			name = Release;
		};
/* End XCBuildConfiguration section */

/* Begin XCConfigurationList section */
		BFCAB18426117AEE00FB8CAA /* Build configuration list for PBXProject "iOSInfoChart" */ = {
			isa = XCConfigurationList;
			buildConfigurations = (
				BFCAB1B126117AEF00FB8CAA /* Debug */,
				BFCAB1B226117AEF00FB8CAA /* Release */,
			);
			defaultConfigurationIsVisible = 0;
			defaultConfigurationName = Release;
		};
		BFCAB1B326117AEF00FB8CAA /* Build configuration list for PBXNativeTarget "iOSInfoChart" */ = {
			isa = XCConfigurationList;
			buildConfigurations = (
				BFCAB1B426117AEF00FB8CAA /* Debug */,
				BFCAB1B526117AEF00FB8CAA /* Release */,
			);
			defaultConfigurationIsVisible = 0;
			defaultConfigurationName = Release;
		};
		BFCAB1B626117AEF00FB8CAA /* Build configuration list for PBXNativeTarget "iOSInfoChartTests" */ = {
			isa = XCConfigurationList;
			buildConfigurations = (
				BFCAB1B726117AEF00FB8CAA /* Debug */,
				BFCAB1B826117AEF00FB8CAA /* Release */,
			);
			defaultConfigurationIsVisible = 0;
			defaultConfigurationName = Release;
		};
		BFCAB1B926117AEF00FB8CAA /* Build configuration list for PBXNativeTarget "iOSInfoChartUITests" */ = {
			isa = XCConfigurationList;
			buildConfigurations = (
				BFCAB1BA26117AEF00FB8CAA /* Debug */,
				BFCAB1BB26117AEF00FB8CAA /* Release */,
			);
			defaultConfigurationIsVisible = 0;
			defaultConfigurationName = Release;
		};
/* End XCConfigurationList section */
	};
	rootObject = BFCAB18126117AEE00FB8CAA /* Project object */;
}
