// !$*UTF8*$!
{
	archiveVersion = 1;
	classes = {
	};
	objectVersion = 50;
	objects = {

/* Begin PBXBuildFile section */
		BFD068812677790600D18ACD /* AppDelegate.swift in Sources */ = {isa = PBXBuildFile; fileRef = BFD068802677790600D18ACD /* AppDelegate.swift */; };
		BFD068832677790600D18ACD /* SceneDelegate.swift in Sources */ = {isa = PBXBuildFile; fileRef = BFD068822677790600D18ACD /* SceneDelegate.swift */; };
		BFD068852677790600D18ACD /* DemoViewController.swift in Sources */ = {isa = PBXBuildFile; fileRef = BFD068842677790600D18ACD /* DemoViewController.swift */; };
		BFD068882677790600D18ACD /* Main.storyboard in Resources */ = {isa = PBXBuildFile; fileRef = BFD068862677790600D18ACD /* Main.storyboard */; };
		BFD0688A2677790700D18ACD /* Assets.xcassets in Resources */ = {isa = PBXBuildFile; fileRef = BFD068892677790700D18ACD /* Assets.xcassets */; };
		BFD0688D2677790700D18ACD /* LaunchScreen.storyboard in Resources */ = {isa = PBXBuildFile; fileRef = BFD0688B2677790700D18ACD /* LaunchScreen.storyboard */; };
		BFD0689B26777B7300D18ACD /* DemoData.swift in Sources */ = {isa = PBXBuildFile; fileRef = BFD0689A26777B7300D18ACD /* DemoData.swift */; };
/* End PBXBuildFile section */

/* Begin PBXFileReference section */
		BFD0687D2677790600D18ACD /* InfoChartDemo-iOS.app */ = {isa = PBXFileReference; explicitFileType = wrapper.application; includeInIndex = 0; path = "InfoChartDemo-iOS.app"; sourceTree = BUILT_PRODUCTS_DIR; };
		BFD068802677790600D18ACD /* AppDelegate.swift */ = {isa = PBXFileReference; lastKnownFileType = sourcecode.swift; path = AppDelegate.swift; sourceTree = "<group>"; };
		BFD068822677790600D18ACD /* SceneDelegate.swift */ = {isa = PBXFileReference; lastKnownFileType = sourcecode.swift; path = SceneDelegate.swift; sourceTree = "<group>"; };
		BFD068842677790600D18ACD /* DemoViewController.swift */ = {isa = PBXFileReference; lastKnownFileType = sourcecode.swift; path = DemoViewController.swift; sourceTree = "<group>"; };
		BFD068872677790600D18ACD /* Base */ = {isa = PBXFileReference; lastKnownFileType = file.storyboard; name = Base; path = Base.lproj/Main.storyboard; sourceTree = "<group>"; };
		BFD068892677790700D18ACD /* Assets.xcassets */ = {isa = PBXFileReference; lastKnownFileType = folder.assetcatalog; path = Assets.xcassets; sourceTree = "<group>"; };
		BFD0688C2677790700D18ACD /* Base */ = {isa = PBXFileReference; lastKnownFileType = file.storyboard; name = Base; path = Base.lproj/LaunchScreen.storyboard; sourceTree = "<group>"; };
		BFD0688E2677790700D18ACD /* Info.plist */ = {isa = PBXFileReference; lastKnownFileType = text.plist.xml; path = Info.plist; sourceTree = "<group>"; };
		BFD0689A26777B7300D18ACD /* DemoData.swift */ = {isa = PBXFileReference; fileEncoding = 4; lastKnownFileType = sourcecode.swift; path = DemoData.swift; sourceTree = "<group>"; };
/* End PBXFileReference section */

/* Begin PBXFrameworksBuildPhase section */
		BFD0687A2677790600D18ACD /* Frameworks */ = {
			isa = PBXFrameworksBuildPhase;
			buildActionMask = 2147483647;
			files = (
			);
			runOnlyForDeploymentPostprocessing = 0;
		};
/* End PBXFrameworksBuildPhase section */

/* Begin PBXGroup section */
		BFD068742677790600D18ACD = {
			isa = PBXGroup;
			children = (
				BFD0687F2677790600D18ACD /* InfoChartDemo-iOS */,
				BFD068942677798E00D18ACD /* Resources */,
				BFD06895267779A600D18ACD /* Supporting Files */,
				BFD0687E2677790600D18ACD /* Products */,
			);
			sourceTree = "<group>";
		};
		BFD0687E2677790600D18ACD /* Products */ = {
			isa = PBXGroup;
			children = (
				BFD0687D2677790600D18ACD /* InfoChartDemo-iOS.app */,
			);
			name = Products;
			sourceTree = "<group>";
		};
		BFD0687F2677790600D18ACD /* InfoChartDemo-iOS */ = {
			isa = PBXGroup;
			children = (
				BFD068802677790600D18ACD /* AppDelegate.swift */,
				BFD068822677790600D18ACD /* SceneDelegate.swift */,
				BFD0689826777A0600D18ACD /* DemoController */,
				BFD06896267779E300D18ACD /* DemoData */,
			);
			path = "InfoChartDemo-iOS";
			sourceTree = "<group>";
		};
		BFD068942677798E00D18ACD /* Resources */ = {
			isa = PBXGroup;
			children = (
				BFD068862677790600D18ACD /* Main.storyboard */,
				BFD068892677790700D18ACD /* Assets.xcassets */,
				BFD0688B2677790700D18ACD /* LaunchScreen.storyboard */,
			);
			path = Resources;
			sourceTree = "<group>";
		};
		BFD06895267779A600D18ACD /* Supporting Files */ = {
			isa = PBXGroup;
			children = (
				BFD0688E2677790700D18ACD /* Info.plist */,
			);
			path = "Supporting Files";
			sourceTree = "<group>";
		};
		BFD06896267779E300D18ACD /* DemoData */ = {
			isa = PBXGroup;
			children = (
				BFD0689A26777B7300D18ACD /* DemoData.swift */,
			);
			path = DemoData;
			sourceTree = "<group>";
		};
		BFD0689826777A0600D18ACD /* DemoController */ = {
			isa = PBXGroup;
			children = (
				BFD068842677790600D18ACD /* DemoViewController.swift */,
			);
			path = DemoController;
			sourceTree = "<group>";
		};
/* End PBXGroup section */

/* Begin PBXNativeTarget section */
		BFD0687C2677790600D18ACD /* InfoChartDemo-iOS */ = {
			isa = PBXNativeTarget;
			buildConfigurationList = BFD068912677790700D18ACD /* Build configuration list for PBXNativeTarget "InfoChartDemo-iOS" */;
			buildPhases = (
				BFD068792677790600D18ACD /* Sources */,
				BFD0687A2677790600D18ACD /* Frameworks */,
				BFD0687B2677790600D18ACD /* Resources */,
			);
			buildRules = (
			);
			dependencies = (
			);
			name = "InfoChartDemo-iOS";
			productName = "InfoChartDemo-iOS";
			productReference = BFD0687D2677790600D18ACD /* InfoChartDemo-iOS.app */;
			productType = "com.apple.product-type.application";
		};
/* End PBXNativeTarget section */

/* Begin PBXProject section */
		BFD068752677790600D18ACD /* Project object */ = {
			isa = PBXProject;
			attributes = {
				LastSwiftUpdateCheck = 1250;
				LastUpgradeCheck = 1250;
				TargetAttributes = {
					BFD0687C2677790600D18ACD = {
						CreatedOnToolsVersion = 12.5;
					};
				};
			};
			buildConfigurationList = BFD068782677790600D18ACD /* Build configuration list for PBXProject "InfoChartDemo-iOS" */;
			compatibilityVersion = "Xcode 9.3";
			developmentRegion = en;
			hasScannedForEncodings = 0;
			knownRegions = (
				en,
				Base,
			);
			mainGroup = BFD068742677790600D18ACD;
			productRefGroup = BFD0687E2677790600D18ACD /* Products */;
			projectDirPath = "";
			projectRoot = "";
			targets = (
				BFD0687C2677790600D18ACD /* InfoChartDemo-iOS */,
			);
		};
/* End PBXProject section */

/* Begin PBXResourcesBuildPhase section */
		BFD0687B2677790600D18ACD /* Resources */ = {
			isa = PBXResourcesBuildPhase;
			buildActionMask = 2147483647;
			files = (
				BFD0688D2677790700D18ACD /* LaunchScreen.storyboard in Resources */,
				BFD0688A2677790700D18ACD /* Assets.xcassets in Resources */,
				BFD068882677790600D18ACD /* Main.storyboard in Resources */,
			);
			runOnlyForDeploymentPostprocessing = 0;
		};
/* End PBXResourcesBuildPhase section */

/* Begin PBXSourcesBuildPhase section */
		BFD068792677790600D18ACD /* Sources */ = {
			isa = PBXSourcesBuildPhase;
			buildActionMask = 2147483647;
			files = (
				BFD0689B26777B7300D18ACD /* DemoData.swift in Sources */,
				BFD068852677790600D18ACD /* DemoViewController.swift in Sources */,
				BFD068812677790600D18ACD /* AppDelegate.swift in Sources */,
				BFD068832677790600D18ACD /* SceneDelegate.swift in Sources */,
			);
			runOnlyForDeploymentPostprocessing = 0;
		};
/* End PBXSourcesBuildPhase section */

/* Begin PBXVariantGroup section */
		BFD068862677790600D18ACD /* Main.storyboard */ = {
			isa = PBXVariantGroup;
			children = (
				BFD068872677790600D18ACD /* Base */,
			);
			name = Main.storyboard;
			sourceTree = "<group>";
		};
		BFD0688B2677790700D18ACD /* LaunchScreen.storyboard */ = {
			isa = PBXVariantGroup;
			children = (
				BFD0688C2677790700D18ACD /* Base */,
			);
			name = LaunchScreen.storyboard;
			sourceTree = "<group>";
		};
/* End PBXVariantGroup section */

/* Begin XCBuildConfiguration section */
		BFD0688F2677790700D18ACD /* Debug */ = {
			isa = XCBuildConfiguration;
			buildSettings = {
				ALWAYS_SEARCH_USER_PATHS = NO;
				CLANG_ANALYZER_NONNULL = YES;
				CLANG_ANALYZER_NUMBER_OBJECT_CONVERSION = YES_AGGRESSIVE;
				CLANG_CXX_LANGUAGE_STANDARD = "gnu++14";
				CLANG_CXX_LIBRARY = "libc++";
				CLANG_ENABLE_MODULES = YES;
				CLANG_ENABLE_OBJC_ARC = YES;
				CLANG_ENABLE_OBJC_WEAK = YES;
				CLANG_WARN_BLOCK_CAPTURE_AUTORELEASING = YES;
				CLANG_WARN_BOOL_CONVERSION = YES;
				CLANG_WARN_COMMA = YES;
				CLANG_WARN_CONSTANT_CONVERSION = YES;
				CLANG_WARN_DEPRECATED_OBJC_IMPLEMENTATIONS = YES;
				CLANG_WARN_DIRECT_OBJC_ISA_USAGE = YES_ERROR;
				CLANG_WARN_DOCUMENTATION_COMMENTS = YES;
				CLANG_WARN_EMPTY_BODY = YES;
				CLANG_WARN_ENUM_CONVERSION = YES;
				CLANG_WARN_INFINITE_RECURSION = YES;
				CLANG_WARN_INT_CONVERSION = YES;
				CLANG_WARN_NON_LITERAL_NULL_CONVERSION = YES;
				CLANG_WARN_OBJC_IMPLICIT_RETAIN_SELF = YES;
				CLANG_WARN_OBJC_LITERAL_CONVERSION = YES;
				CLANG_WARN_OBJC_ROOT_CLASS = YES_ERROR;
				CLANG_WARN_QUOTED_INCLUDE_IN_FRAMEWORK_HEADER = YES;
				CLANG_WARN_RANGE_LOOP_ANALYSIS = YES;
				CLANG_WARN_STRICT_PROTOTYPES = YES;
				CLANG_WARN_SUSPICIOUS_MOVE = YES;
				CLANG_WARN_UNGUARDED_AVAILABILITY = YES_AGGRESSIVE;
				CLANG_WARN_UNREACHABLE_CODE = YES;
				CLANG_WARN__DUPLICATE_METHOD_MATCH = YES;
				COPY_PHASE_STRIP = NO;
				DEBUG_INFORMATION_FORMAT = dwarf;
				ENABLE_STRICT_OBJC_MSGSEND = YES;
				ENABLE_TESTABILITY = YES;
				GCC_C_LANGUAGE_STANDARD = gnu11;
				GCC_DYNAMIC_NO_PIC = NO;
				GCC_NO_COMMON_BLOCKS = YES;
				GCC_OPTIMIZATION_LEVEL = 0;
				GCC_PREPROCESSOR_DEFINITIONS = (
					"DEBUG=1",
					"$(inherited)",
				);
				GCC_WARN_64_TO_32_BIT_CONVERSION = YES;
				GCC_WARN_ABOUT_RETURN_TYPE = YES_ERROR;
				GCC_WARN_UNDECLARED_SELECTOR = YES;
				GCC_WARN_UNINITIALIZED_AUTOS = YES_AGGRESSIVE;
				GCC_WARN_UNUSED_FUNCTION = YES;
				GCC_WARN_UNUSED_VARIABLE = YES;
				IPHONEOS_DEPLOYMENT_TARGET = 14.5;
				MTL_ENABLE_DEBUG_INFO = INCLUDE_SOURCE;
				MTL_FAST_MATH = YES;
				ONLY_ACTIVE_ARCH = YES;
				SDKROOT = iphoneos;
				SWIFT_ACTIVE_COMPILATION_CONDITIONS = DEBUG;
				SWIFT_OPTIMIZATION_LEVEL = "-Onone";
			};
			name = Debug;
		};
		BFD068902677790700D18ACD /* Release */ = {
			isa = XCBuildConfiguration;
			buildSettings = {
				ALWAYS_SEARCH_USER_PATHS = NO;
				CLANG_ANALYZER_NONNULL = YES;
				CLANG_ANALYZER_NUMBER_OBJECT_CONVERSION = YES_AGGRESSIVE;
				CLANG_CXX_LANGUAGE_STANDARD = "gnu++14";
				CLANG_CXX_LIBRARY = "libc++";
				CLANG_ENABLE_MODULES = YES;
				CLANG_ENABLE_OBJC_ARC = YES;
				CLANG_ENABLE_OBJC_WEAK = YES;
				CLANG_WARN_BLOCK_CAPTURE_AUTORELEASING = YES;
				CLANG_WARN_BOOL_CONVERSION = YES;
				CLANG_WARN_COMMA = YES;
				CLANG_WARN_CONSTANT_CONVERSION = YES;
				CLANG_WARN_DEPRECATED_OBJC_IMPLEMENTATIONS = YES;
				CLANG_WARN_DIRECT_OBJC_ISA_USAGE = YES_ERROR;
				CLANG_WARN_DOCUMENTATION_COMMENTS = YES;
				CLANG_WARN_EMPTY_BODY = YES;
				CLANG_WARN_ENUM_CONVERSION = YES;
				CLANG_WARN_INFINITE_RECURSION = YES;
				CLANG_WARN_INT_CONVERSION = YES;
				CLANG_WARN_NON_LITERAL_NULL_CONVERSION = YES;
				CLANG_WARN_OBJC_IMPLICIT_RETAIN_SELF = YES;
				CLANG_WARN_OBJC_LITERAL_CONVERSION = YES;
				CLANG_WARN_OBJC_ROOT_CLASS = YES_ERROR;
				CLANG_WARN_QUOTED_INCLUDE_IN_FRAMEWORK_HEADER = YES;
				CLANG_WARN_RANGE_LOOP_ANALYSIS = YES;
				CLANG_WARN_STRICT_PROTOTYPES = YES;
				CLANG_WARN_SUSPICIOUS_MOVE = YES;
				CLANG_WARN_UNGUARDED_AVAILABILITY = YES_AGGRESSIVE;
				CLANG_WARN_UNREACHABLE_CODE = YES;
				CLANG_WARN__DUPLICATE_METHOD_MATCH = YES;
				COPY_PHASE_STRIP = NO;
				DEBUG_INFORMATION_FORMAT = "dwarf-with-dsym";
				ENABLE_NS_ASSERTIONS = NO;
				ENABLE_STRICT_OBJC_MSGSEND = YES;
				GCC_C_LANGUAGE_STANDARD = gnu11;
				GCC_NO_COMMON_BLOCKS = YES;
				GCC_WARN_64_TO_32_BIT_CONVERSION = YES;
				GCC_WARN_ABOUT_RETURN_TYPE = YES_ERROR;
				GCC_WARN_UNDECLARED_SELECTOR = YES;
				GCC_WARN_UNINITIALIZED_AUTOS = YES_AGGRESSIVE;
				GCC_WARN_UNUSED_FUNCTION = YES;
				GCC_WARN_UNUSED_VARIABLE = YES;
				IPHONEOS_DEPLOYMENT_TARGET = 14.5;
				MTL_ENABLE_DEBUG_INFO = NO;
				MTL_FAST_MATH = YES;
				SDKROOT = iphoneos;
				SWIFT_COMPILATION_MODE = wholemodule;
				SWIFT_OPTIMIZATION_LEVEL = "-O";
				VALIDATE_PRODUCT = YES;
			};
			name = Release;
		};
		BFD068922677790700D18ACD /* Debug */ = {
			isa = XCBuildConfiguration;
			buildSettings = {
				ASSETCATALOG_COMPILER_APPICON_NAME = AppIcon;
				ASSETCATALOG_COMPILER_GLOBAL_ACCENT_COLOR_NAME = AccentColor;
				CODE_SIGN_STYLE = Automatic;
				DEVELOPMENT_TEAM = PG84C29Y3P;
				INFOPLIST_FILE = "Supporting Files/Info.plist";
				LD_RUNPATH_SEARCH_PATHS = (
					"$(inherited)",
					"@executable_path/Frameworks",
				);
				PRODUCT_BUNDLE_IDENTIFIER = "com.infomining.InfoChartDemo-iOS";
				PRODUCT_NAME = "$(TARGET_NAME)";
				SWIFT_VERSION = 5.0;
				TARGETED_DEVICE_FAMILY = "1,2";
			};
			name = Debug;
		};
		BFD068932677790700D18ACD /* Release */ = {
			isa = XCBuildConfiguration;
			buildSettings = {
				ASSETCATALOG_COMPILER_APPICON_NAME = AppIcon;
				ASSETCATALOG_COMPILER_GLOBAL_ACCENT_COLOR_NAME = AccentColor;
				CODE_SIGN_STYLE = Automatic;
				DEVELOPMENT_TEAM = PG84C29Y3P;
				INFOPLIST_FILE = "Supporting Files/Info.plist";
				LD_RUNPATH_SEARCH_PATHS = (
					"$(inherited)",
					"@executable_path/Frameworks",
				);
				PRODUCT_BUNDLE_IDENTIFIER = "com.infomining.InfoChartDemo-iOS";
				PRODUCT_NAME = "$(TARGET_NAME)";
				SWIFT_VERSION = 5.0;
				TARGETED_DEVICE_FAMILY = "1,2";
			};
			name = Release;
		};
/* End XCBuildConfiguration section */

/* Begin XCConfigurationList section */
		BFD068782677790600D18ACD /* Build configuration list for PBXProject "InfoChartDemo-iOS" */ = {
			isa = XCConfigurationList;
			buildConfigurations = (
				BFD0688F2677790700D18ACD /* Debug */,
				BFD068902677790700D18ACD /* Release */,
			);
			defaultConfigurationIsVisible = 0;
			defaultConfigurationName = Release;
		};
		BFD068912677790700D18ACD /* Build configuration list for PBXNativeTarget "InfoChartDemo-iOS" */ = {
			isa = XCConfigurationList;
			buildConfigurations = (
				BFD068922677790700D18ACD /* Debug */,
				BFD068932677790700D18ACD /* Release */,
			);
			defaultConfigurationIsVisible = 0;
			defaultConfigurationName = Release;
		};
/* End XCConfigurationList section */
	};
	rootObject = BFD068752677790600D18ACD /* Project object */;
}
